
Microsoft Visual Studio Solution File, Format Version 12.00
# Visual Studio 15
VisualStudioVersion = 15.0.26127.0
MinimumVisualStudioVersion = 10.0.40219.1
Project("{FAE04EC0-301F-11D3-BF4B-00C04F79EFBC}") = "ClasesAbstractas", "ClasesAbstractas\ClasesAbstractas.csproj", "{87B9C8CA-0076-4E97-9F12-E7EBF6851A8B}"
EndProject
Project("{FAE04EC0-301F-11D3-BF4B-00C04F79EFBC}") = "ClasesInstanciables", "ClasesInstanciables\ClasesInstanciables.csproj", "{46E700C6-7E1E-4C8B-95E9-3C726E055AA3}"
EndProject
Project("{FAE04EC0-301F-11D3-BF4B-00C04F79EFBC}") = "Excepciones", "Excepciones\Excepciones.csproj", "{C306A8E3-ACBB-4DEF-8039-90A1BE484263}"
EndProject
Project("{FAE04EC0-301F-11D3-BF4B-00C04F79EFBC}") = "Archivos", "Texto\Archivos.csproj", "{4E23B112-778F-4686-B4B9-33C3BCFEC252}"
EndProject
Project("{FAE04EC0-301F-11D3-BF4B-00C04F79EFBC}") = "Main", "Main\Main.csproj", "{9FEFAE00-D5DF-4B4A-9230-E2C6B317E440}"
EndProject
Global
	GlobalSection(SolutionConfigurationPlatforms) = preSolution
		Debug|Any CPU = Debug|Any CPU
		Release|Any CPU = Release|Any CPU
	EndGlobalSection
	GlobalSection(ProjectConfigurationPlatforms) = postSolution
		{87B9C8CA-0076-4E97-9F12-E7EBF6851A8B}.Debug|Any CPU.ActiveCfg = Debug|Any CPU
		{87B9C8CA-0076-4E97-9F12-E7EBF6851A8B}.Debug|Any CPU.Build.0 = Debug|Any CPU
		{87B9C8CA-0076-4E97-9F12-E7EBF6851A8B}.Release|Any CPU.ActiveCfg = Release|Any CPU
		{87B9C8CA-0076-4E97-9F12-E7EBF6851A8B}.Release|Any CPU.Build.0 = Release|Any CPU
		{46E700C6-7E1E-4C8B-95E9-3C726E055AA3}.Debug|Any CPU.ActiveCfg = Debug|Any CPU
		{46E700C6-7E1E-4C8B-95E9-3C726E055AA3}.Debug|Any CPU.Build.0 = Debug|Any CPU
		{46E700C6-7E1E-4C8B-95E9-3C726E055AA3}.Release|Any CPU.ActiveCfg = Release|Any CPU
		{46E700C6-7E1E-4C8B-95E9-3C726E055AA3}.Release|Any CPU.Build.0 = Release|Any CPU
		{C306A8E3-ACBB-4DEF-8039-90A1BE484263}.Debug|Any CPU.ActiveCfg = Debug|Any CPU
		{C306A8E3-ACBB-4DEF-8039-90A1BE484263}.Debug|Any CPU.Build.0 = Debug|Any CPU
		{C306A8E3-ACBB-4DEF-8039-90A1BE484263}.Release|Any CPU.ActiveCfg = Release|Any CPU
		{C306A8E3-ACBB-4DEF-8039-90A1BE484263}.Release|Any CPU.Build.0 = Release|Any CPU
		{4E23B112-778F-4686-B4B9-33C3BCFEC252}.Debug|Any CPU.ActiveCfg = Debug|Any CPU
		{4E23B112-778F-4686-B4B9-33C3BCFEC252}.Debug|Any CPU.Build.0 = Debug|Any CPU
		{4E23B112-778F-4686-B4B9-33C3BCFEC252}.Release|Any CPU.ActiveCfg = Release|Any CPU
		{4E23B112-778F-4686-B4B9-33C3BCFEC252}.Release|Any CPU.Build.0 = Release|Any CPU
		{9FEFAE00-D5DF-4B4A-9230-E2C6B317E440}.Debug|Any CPU.ActiveCfg = Debug|Any CPU
		{9FEFAE00-D5DF-4B4A-9230-E2C6B317E440}.Debug|Any CPU.Build.0 = Debug|Any CPU
		{9FEFAE00-D5DF-4B4A-9230-E2C6B317E440}.Release|Any CPU.ActiveCfg = Release|Any CPU
		{9FEFAE00-D5DF-4B4A-9230-E2C6B317E440}.Release|Any CPU.Build.0 = Release|Any CPU
	EndGlobalSection
	GlobalSection(SolutionProperties) = preSolution
		HideSolutionNode = FALSE
	EndGlobalSection
EndGlobal
